# THIS IS AN AUTOGENERATED FILE. DO NOT EDIT THIS FILE DIRECTLY.
# yarn lockfile v1


"@faker-js/faker@7.6.0":
  version "7.6.0"
  resolved "https://registry.yarnpkg.com/@faker-js/faker/-/faker-7.6.0.tgz#9ea331766084288634a9247fcd8b84f16ff4ba07"
  integrity sha512-XK6BTq1NDMo9Xqw/YkYyGjSsg44fbNwYRx7QK2CuoQgyy+f1rrTDHoExVM5PsyXCtfl2vs2vVJ0MN0yN6LppRw==

"@types/google.maps@^3.58.1":
  version "3.58.1"
  resolved "https://registry.yarnpkg.com/@types/google.maps/-/google.maps-3.58.1.tgz#71ce3dec44de1452f56641d2c87c7dd8ea964b4d"
  integrity sha512-X9QTSvGJ0nCfMzYOnaVs/k6/4L+7F5uCS+4iUmkLEls6J9S/Phv+m/i3mDeyc49ZBgwab3EFO1HEoBY7k98EGQ==

"@types/googlemaps@^3.43.3":
  version "3.43.3"
  resolved "https://registry.yarnpkg.com/@types/googlemaps/-/googlemaps-3.43.3.tgz#70cf962154a160fe78bcd69d6ccc296dd9175b1f"
  integrity sha512-ZWNoz/O8MPEpiajvj7QiqCY8tTLFNqNZ/a+s+zTV58wFVNAvvqV4bdGfnsjTb5Cs4V6wEsLrX8XRhmnyYJ2Tdg==

typescript@5.5:
  version "5.5.4"
  resolved "https://registry.yarnpkg.com/typescript/-/typescript-5.5.4.tgz#d9852d6c82bad2d2eda4fd74a5762a8f5909e9ba"
  integrity sha512-Mtq29sKDAEYP7aljRgtPOpTvOfbwRWlS6dPRzwjdE+C0R4brX/GUyhHSecbHMFLNBLcJIPt9nl9yG5TZ1weH+Q==
